// !$*UTF8*$!
{
	archiveVersion = 1;
	classes = {
	};
	objectVersion = 46;
	objects = {

/* Begin PBXBuildFile section */
		DE16EF8A1D68A7D100F9880C /* AppDelegate.swift in Sources */ = {isa = PBXBuildFile; fileRef = DE16EF891D68A7D100F9880C /* AppDelegate.swift */; };
		DE16EF8C1D68A7D100F9880C /* ViewController.swift in Sources */ = {isa = PBXBuildFile; fileRef = DE16EF8B1D68A7D100F9880C /* ViewController.swift */; };
		DE16EF8F1D68A7D100F9880C /* Main.storyboard in Resources */ = {isa = PBXBuildFile; fileRef = DE16EF8D1D68A7D100F9880C /* Main.storyboard */; };
		DE16EF911D68A7D100F9880C /* Assets.xcassets in Resources */ = {isa = PBXBuildFile; fileRef = DE16EF901D68A7D100F9880C /* Assets.xcassets */; };
		DE16EF941D68A7D100F9880C /* LaunchScreen.storyboard in Resources */ = {isa = PBXBuildFile; fileRef = DE16EF921D68A7D100F9880C /* LaunchScreen.storyboard */; };
		DE16EF9C1D68A88B00F9880C /* Character.swift in Sources */ = {isa = PBXBuildFile; fileRef = DE16EF9B1D68A88B00F9880C /* Character.swift */; };
		DE16EF9E1D68A9AE00F9880C /* Player.swift in Sources */ = {isa = PBXBuildFile; fileRef = DE16EF9D1D68A9AE00F9880C /* Player.swift */; };
		DE16EFA01D68AAFB00F9880C /* Enemy.swift in Sources */ = {isa = PBXBuildFile; fileRef = DE16EF9F1D68AAFB00F9880C /* Enemy.swift */; };
		DE16EFA21D68AC4000F9880C /* Kimara.swift in Sources */ = {isa = PBXBuildFile; fileRef = DE16EFA11D68AC4000F9880C /* Kimara.swift */; };
		DE16EFA41D68AD5200F9880C /* Devil Wizard.swift in Sources */ = {isa = PBXBuildFile; fileRef = DE16EFA31D68AD5200F9880C /* Devil Wizard.swift */; };
/* End PBXBuildFile section */

/* Begin PBXFileReference section */
		DE16EF861D68A7D100F9880C /* RPG-OOP.app */ = {isa = PBXFileReference; explicitFileType = wrapper.application; includeInIndex = 0; path = "RPG-OOP.app"; sourceTree = BUILT_PRODUCTS_DIR; };
		DE16EF891D68A7D100F9880C /* AppDelegate.swift */ = {isa = PBXFileReference; lastKnownFileType = sourcecode.swift; path = AppDelegate.swift; sourceTree = "<group>"; };
		DE16EF8B1D68A7D100F9880C /* ViewController.swift */ = {isa = PBXFileReference; lastKnownFileType = sourcecode.swift; path = ViewController.swift; sourceTree = "<group>"; };
		DE16EF8E1D68A7D100F9880C /* Base */ = {isa = PBXFileReference; lastKnownFileType = file.storyboard; name = Base; path = Base.lproj/Main.storyboard; sourceTree = "<group>"; };
		DE16EF901D68A7D100F9880C /* Assets.xcassets */ = {isa = PBXFileReference; lastKnownFileType = folder.assetcatalog; path = Assets.xcassets; sourceTree = "<group>"; };
		DE16EF931D68A7D100F9880C /* Base */ = {isa = PBXFileReference; lastKnownFileType = file.storyboard; name = Base; path = Base.lproj/LaunchScreen.storyboard; sourceTree = "<group>"; };
		DE16EF951D68A7D100F9880C /* Info.plist */ = {isa = PBXFileReference; lastKnownFileType = text.plist.xml; path = Info.plist; sourceTree = "<group>"; };
		DE16EF9B1D68A88B00F9880C /* Character.swift */ = {isa = PBXFileReference; fileEncoding = 4; lastKnownFileType = sourcecode.swift; path = Character.swift; sourceTree = "<group>"; };
		DE16EF9D1D68A9AE00F9880C /* Player.swift */ = {isa = PBXFileReference; fileEncoding = 4; lastKnownFileType = sourcecode.swift; path = Player.swift; sourceTree = "<group>"; };
		DE16EF9F1D68AAFB00F9880C /* Enemy.swift */ = {isa = PBXFileReference; fileEncoding = 4; lastKnownFileType = sourcecode.swift; path = Enemy.swift; sourceTree = "<group>"; };
		DE16EFA11D68AC4000F9880C /* Kimara.swift */ = {isa = PBXFileReference; fileEncoding = 4; lastKnownFileType = sourcecode.swift; path = Kimara.swift; sourceTree = "<group>"; };
		DE16EFA31D68AD5200F9880C /* Devil Wizard.swift */ = {isa = PBXFileReference; fileEncoding = 4; lastKnownFileType = sourcecode.swift; path = "Devil Wizard.swift"; sourceTree = "<group>"; };
/* End PBXFileReference section */

/* Begin PBXFrameworksBuildPhase section */
		DE16EF831D68A7D100F9880C /* Frameworks */ = {
			isa = PBXFrameworksBuildPhase;
			buildActionMask = 2147483647;
			files = (
			);
			runOnlyForDeploymentPostprocessing = 0;
		};
/* End PBXFrameworksBuildPhase section */

/* Begin PBXGroup section */
		DE16EF7D1D68A7D100F9880C = {
			isa = PBXGroup;
			children = (
				DE16EF881D68A7D100F9880C /* RPG-OOP */,
				DE16EF871D68A7D100F9880C /* Products */,
			);
			sourceTree = "<group>";
		};
		DE16EF871D68A7D100F9880C /* Products */ = {
			isa = PBXGroup;
			children = (
				DE16EF861D68A7D100F9880C /* RPG-OOP.app */,
			);
			name = Products;
			sourceTree = "<group>";
		};
		DE16EF881D68A7D100F9880C /* RPG-OOP */ = {
			isa = PBXGroup;
			children = (
				DE16EF891D68A7D100F9880C /* AppDelegate.swift */,
				DE16EF8B1D68A7D100F9880C /* ViewController.swift */,
				DE16EF8D1D68A7D100F9880C /* Main.storyboard */,
				DE16EF901D68A7D100F9880C /* Assets.xcassets */,
				DE16EF921D68A7D100F9880C /* LaunchScreen.storyboard */,
				DE16EF951D68A7D100F9880C /* Info.plist */,
				DE16EF9B1D68A88B00F9880C /* Character.swift */,
				DE16EF9D1D68A9AE00F9880C /* Player.swift */,
				DE16EF9F1D68AAFB00F9880C /* Enemy.swift */,
				DE16EFA11D68AC4000F9880C /* Kimara.swift */,
				DE16EFA31D68AD5200F9880C /* Devil Wizard.swift */,
			);
			path = "RPG-OOP";
			sourceTree = "<group>";
		};
/* End PBXGroup section */

/* Begin PBXNativeTarget section */
		DE16EF851D68A7D100F9880C /* RPG-OOP */ = {
			isa = PBXNativeTarget;
			buildConfigurationList = DE16EF981D68A7D100F9880C /* Build configuration list for PBXNativeTarget "RPG-OOP" */;
			buildPhases = (
				DE16EF821D68A7D100F9880C /* Sources */,
				DE16EF831D68A7D100F9880C /* Frameworks */,
				DE16EF841D68A7D100F9880C /* Resources */,
			);
			buildRules = (
			);
			dependencies = (
			);
			name = "RPG-OOP";
			productName = "RPG-OOP";
			productReference = DE16EF861D68A7D100F9880C /* RPG-OOP.app */;
			productType = "com.apple.product-type.application";
		};
/* End PBXNativeTarget section */

/* Begin PBXProject section */
		DE16EF7E1D68A7D100F9880C /* Project object */ = {
			isa = PBXProject;
			attributes = {
				LastSwiftUpdateCheck = 0730;
				LastUpgradeCheck = 0730;
				ORGANIZATIONNAME = "Carolyn Lea";
				TargetAttributes = {
					DE16EF851D68A7D100F9880C = {
						CreatedOnToolsVersion = 7.3.1;
					};
				};
			};
			buildConfigurationList = DE16EF811D68A7D100F9880C /* Build configuration list for PBXProject "RPG-OOP" */;
			compatibilityVersion = "Xcode 3.2";
			developmentRegion = English;
			hasScannedForEncodings = 0;
			knownRegions = (
				en,
				Base,
			);
			mainGroup = DE16EF7D1D68A7D100F9880C;
			productRefGroup = DE16EF871D68A7D100F9880C /* Products */;
			projectDirPath = "";
			projectRoot = "";
			targets = (
				DE16EF851D68A7D100F9880C /* RPG-OOP */,
			);
		};
/* End PBXProject section */

/* Begin PBXResourcesBuildPhase section */
		DE16EF841D68A7D100F9880C /* Resources */ = {
			isa = PBXResourcesBuildPhase;
			buildActionMask = 2147483647;
			files = (
				DE16EF941D68A7D100F9880C /* LaunchScreen.storyboard in Resources */,
				DE16EF911D68A7D100F9880C /* Assets.xcassets in Resources */,
				DE16EF8F1D68A7D100F9880C /* Main.storyboard in Resources */,
			);
			runOnlyForDeploymentPostprocessing = 0;
		};
/* End PBXResourcesBuildPhase section */

/* Begin PBXSourcesBuildPhase section */
		DE16EF821D68A7D100F9880C /* Sources */ = {
			isa = PBXSourcesBuildPhase;
			buildActionMask = 2147483647;
			files = (
				DE16EF9E1D68A9AE00F9880C /* Player.swift in Sources */,
				DE16EFA01D68AAFB00F9880C /* Enemy.swift in Sources */,
				DE16EFA21D68AC4000F9880C /* Kimara.swift in Sources */,
				DE16EF9C1D68A88B00F9880C /* Character.swift in Sources */,
				DE16EF8C1D68A7D100F9880C /* ViewController.swift in Sources */,
				DE16EF8A1D68A7D100F9880C /* AppDelegate.swift in Sources */,
				DE16EFA41D68AD5200F9880C /* Devil Wizard.swift in Sources */,
			);
			runOnlyForDeploymentPostprocessing = 0;
		};
/* End PBXSourcesBuildPhase section */

/* Begin PBXVariantGroup section */
		DE16EF8D1D68A7D100F9880C /* Main.storyboard */ = {
			isa = PBXVariantGroup;
			children = (
				DE16EF8E1D68A7D100F9880C /* Base */,
			);
			name = Main.storyboard;
			sourceTree = "<group>";
		};
		DE16EF921D68A7D100F9880C /* LaunchScreen.storyboard */ = {
			isa = PBXVariantGroup;
			children = (
				DE16EF931D68A7D100F9880C /* Base */,
			);
			name = LaunchScreen.storyboard;
			sourceTree = "<group>";
		};
/* End PBXVariantGroup section */

/* Begin XCBuildConfiguration section */
		DE16EF961D68A7D100F9880C /* Debug */ = {
			isa = XCBuildConfiguration;
			buildSettings = {
				ALWAYS_SEARCH_USER_PATHS = NO;
				CLANG_ANALYZER_NONNULL = YES;
				CLANG_CXX_LANGUAGE_STANDARD = "gnu++0x";
				CLANG_CXX_LIBRARY = "libc++";
				CLANG_ENABLE_MODULES = YES;
				CLANG_ENABLE_OBJC_ARC = YES;
				CLANG_WARN_BOOL_CONVERSION = YES;
				CLANG_WARN_CONSTANT_CONVERSION = YES;
				CLANG_WARN_DIRECT_OBJC_ISA_USAGE = YES_ERROR;
				CLANG_WARN_EMPTY_BODY = YES;
				CLANG_WARN_ENUM_CONVERSION = YES;
				CLANG_WARN_INT_CONVERSION = YES;
				CLANG_WARN_OBJC_ROOT_CLASS = YES_ERROR;
				CLANG_WARN_UNREACHABLE_CODE = YES;
				CLANG_WARN__DUPLICATE_METHOD_MATCH = YES;
				"CODE_SIGN_IDENTITY[sdk=iphoneos*]" = "iPhone Developer";
				COPY_PHASE_STRIP = NO;
				DEBUG_INFORMATION_FORMAT = dwarf;
				ENABLE_STRICT_OBJC_MSGSEND = YES;
				ENABLE_TESTABILITY = YES;
				GCC_C_LANGUAGE_STANDARD = gnu99;
				GCC_DYNAMIC_NO_PIC = NO;
				GCC_NO_COMMON_BLOCKS = YES;
				GCC_OPTIMIZATION_LEVEL = 0;
				GCC_PREPROCESSOR_DEFINITIONS = (
					"DEBUG=1",
					"$(inherited)",
				);
				GCC_WARN_64_TO_32_BIT_CONVERSION = YES;
				GCC_WARN_ABOUT_RETURN_TYPE = YES_ERROR;
				GCC_WARN_UNDECLARED_SELECTOR = YES;
				GCC_WARN_UNINITIALIZED_AUTOS = YES_AGGRESSIVE;
				GCC_WARN_UNUSED_FUNCTION = YES;
				GCC_WARN_UNUSED_VARIABLE = YES;
				IPHONEOS_DEPLOYMENT_TARGET = 9.3;
				MTL_ENABLE_DEBUG_INFO = YES;
				ONLY_ACTIVE_ARCH = YES;
				SDKROOT = iphoneos;
				SWIFT_OPTIMIZATION_LEVEL = "-Onone";
				TARGETED_DEVICE_FAMILY = "1,2";
			};
			name = Debug;
		};
		DE16EF971D68A7D100F9880C /* Release */ = {
			isa = XCBuildConfiguration;
			buildSettings = {
				ALWAYS_SEARCH_USER_PATHS = NO;
				CLANG_ANALYZER_NONNULL = YES;
				CLANG_CXX_LANGUAGE_STANDARD = "gnu++0x";
				CLANG_CXX_LIBRARY = "libc++";
				CLANG_ENABLE_MODULES = YES;
				CLANG_ENABLE_OBJC_ARC = YES;
				CLANG_WARN_BOOL_CONVERSION = YES;
				CLANG_WARN_CONSTANT_CONVERSION = YES;
				CLANG_WARN_DIRECT_OBJC_ISA_USAGE = YES_ERROR;
				CLANG_WARN_EMPTY_BODY = YES;
				CLANG_WARN_ENUM_CONVERSION = YES;
				CLANG_WARN_INT_CONVERSION = YES;
				CLANG_WARN_OBJC_ROOT_CLASS = YES_ERROR;
				CLANG_WARN_UNREACHABLE_CODE = YES;
				CLANG_WARN__DUPLICATE_METHOD_MATCH = YES;
				"CODE_SIGN_IDENTITY[sdk=iphoneos*]" = "iPhone Developer";
				COPY_PHASE_STRIP = NO;
				DEBUG_INFORMATION_FORMAT = "dwarf-with-dsym";
				ENABLE_NS_ASSERTIONS = NO;
				ENABLE_STRICT_OBJC_MSGSEND = YES;
				GCC_C_LANGUAGE_STANDARD = gnu99;
				GCC_NO_COMMON_BLOCKS = YES;
				GCC_WARN_64_TO_32_BIT_CONVERSION = YES;
				GCC_WARN_ABOUT_RETURN_TYPE = YES_ERROR;
				GCC_WARN_UNDECLARED_SELECTOR = YES;
				GCC_WARN_UNINITIALIZED_AUTOS = YES_AGGRESSIVE;
				GCC_WARN_UNUSED_FUNCTION = YES;
				GCC_WARN_UNUSED_VARIABLE = YES;
				IPHONEOS_DEPLOYMENT_TARGET = 9.3;
				MTL_ENABLE_DEBUG_INFO = NO;
				SDKROOT = iphoneos;
				TARGETED_DEVICE_FAMILY = "1,2";
				VALIDATE_PRODUCT = YES;
			};
			name = Release;
		};
		DE16EF991D68A7D100F9880C /* Debug */ = {
			isa = XCBuildConfiguration;
			buildSettings = {
				ASSETCATALOG_COMPILER_APPICON_NAME = AppIcon;
				INFOPLIST_FILE = "RPG-OOP/Info.plist";
				LD_RUNPATH_SEARCH_PATHS = "$(inherited) @executable_path/Frameworks";
				PRODUCT_BUNDLE_IDENTIFIER = "com.leastudios.RPG-OOP";
				PRODUCT_NAME = "$(TARGET_NAME)";
			};
			name = Debug;
		};
		DE16EF9A1D68A7D100F9880C /* Release */ = {
			isa = XCBuildConfiguration;
			buildSettings = {
				ASSETCATALOG_COMPILER_APPICON_NAME = AppIcon;
				INFOPLIST_FILE = "RPG-OOP/Info.plist";
				LD_RUNPATH_SEARCH_PATHS = "$(inherited) @executable_path/Frameworks";
				PRODUCT_BUNDLE_IDENTIFIER = "com.leastudios.RPG-OOP";
				PRODUCT_NAME = "$(TARGET_NAME)";
			};
			name = Release;
		};
/* End XCBuildConfiguration section */

/* Begin XCConfigurationList section */
		DE16EF811D68A7D100F9880C /* Build configuration list for PBXProject "RPG-OOP" */ = {
			isa = XCConfigurationList;
			buildConfigurations = (
				DE16EF961D68A7D100F9880C /* Debug */,
				DE16EF971D68A7D100F9880C /* Release */,
			);
			defaultConfigurationIsVisible = 0;
			defaultConfigurationName = Release;
		};
		DE16EF981D68A7D100F9880C /* Build configuration list for PBXNativeTarget "RPG-OOP" */ = {
			isa = XCConfigurationList;
			buildConfigurations = (
				DE16EF991D68A7D100F9880C /* Debug */,
				DE16EF9A1D68A7D100F9880C /* Release */,
			);
			defaultConfigurationIsVisible = 0;
		};
/* End XCConfigurationList section */
	};
	rootObject = DE16EF7E1D68A7D100F9880C /* Project object */;
}
